
Microsoft Visual Studio Solution File, Format Version 12.00
# Visual Studio 15
VisualStudioVersion = 15.0.27130.2024
MinimumVisualStudioVersion = 10.0.40219.1
Project("{FAE04EC0-301F-11D3-BF4B-00C04F79EFBC}") = "MarsRover", "MarsRover\MarsRover.csproj", "{D253AA66-7FDA-48B4-9CCA-4E0BF01AD0AA}"
EndProject
Project("{FAE04EC0-301F-11D3-BF4B-00C04F79EFBC}") = "MarsRover.Test", "MarsRover.Test\MarsRover.Test.csproj", "{673F3FDF-67CE-43D6-9C08-4B02D85AA7E4}"
EndProject
Global
	GlobalSection(SolutionConfigurationPlatforms) = preSolution
		Debug|Any CPU = Debug|Any CPU
		Release|Any CPU = Release|Any CPU
	EndGlobalSection
	GlobalSection(ProjectConfigurationPlatforms) = postSolution
		{D253AA66-7FDA-48B4-9CCA-4E0BF01AD0AA}.Debug|Any CPU.ActiveCfg = Debug|Any CPU
		{D253AA66-7FDA-48B4-9CCA-4E0BF01AD0AA}.Debug|Any CPU.Build.0 = Debug|Any CPU
		{D253AA66-7FDA-48B4-9CCA-4E0BF01AD0AA}.Release|Any CPU.ActiveCfg = Release|Any CPU
		{D253AA66-7FDA-48B4-9CCA-4E0BF01AD0AA}.Release|Any CPU.Build.0 = Release|Any CPU
		{673F3FDF-67CE-43D6-9C08-4B02D85AA7E4}.Debug|Any CPU.ActiveCfg = Debug|Any CPU
		{673F3FDF-67CE-43D6-9C08-4B02D85AA7E4}.Debug|Any CPU.Build.0 = Debug|Any CPU
		{673F3FDF-67CE-43D6-9C08-4B02D85AA7E4}.Release|Any CPU.ActiveCfg = Release|Any CPU
		{673F3FDF-67CE-43D6-9C08-4B02D85AA7E4}.Release|Any CPU.Build.0 = Release|Any CPU
	EndGlobalSection
	GlobalSection(SolutionProperties) = preSolution
		HideSolutionNode = FALSE
	EndGlobalSection
	GlobalSection(ExtensibilityGlobals) = postSolution
		SolutionGuid = {E8309676-10F6-49C3-AF90-594413996998}
	EndGlobalSection
EndGlobal
